
Microsoft Visual Studio Solution File, Format Version 12.00
# Visual Studio Version 17
VisualStudioVersion = 17.11.35327.3
MinimumVisualStudioVersion = 10.0.40219.1
Project("{54A90642-561A-4BB1-A94E-469ADEE60C69}") = "tic-tac-toe", "Tic-Tac-Toe\tic-tac-toe.esproj", "{1FC9D945-7E36-4FBF-A64E-B4C20DA5162C}"
EndProject
Global
	GlobalSection(SolutionConfigurationPlatforms) = preSolution
		Debug|Any CPU = Debug|Any CPU
		Release|Any CPU = Release|Any CPU
	EndGlobalSection
	GlobalSection(ProjectConfigurationPlatforms) = postSolution
		{1FC9D945-7E36-4FBF-A64E-B4C20DA5162C}.Debug|Any CPU.ActiveCfg = Debug|Any CPU
		{1FC9D945-7E36-4FBF-A64E-B4C20DA5162C}.Debug|Any CPU.Build.0 = Debug|Any CPU
		{1FC9D945-7E36-4FBF-A64E-B4C20DA5162C}.Debug|Any CPU.Deploy.0 = Debug|Any CPU
		{1FC9D945-7E36-4FBF-A64E-B4C20DA5162C}.Release|Any CPU.ActiveCfg = Release|Any CPU
		{1FC9D945-7E36-4FBF-A64E-B4C20DA5162C}.Release|Any CPU.Build.0 = Release|Any CPU
		{1FC9D945-7E36-4FBF-A64E-B4C20DA5162C}.Release|Any CPU.Deploy.0 = Release|Any CPU
	EndGlobalSection
	GlobalSection(SolutionProperties) = preSolution
		HideSolutionNode = FALSE
	EndGlobalSection
	GlobalSection(ExtensibilityGlobals) = postSolution
		SolutionGuid = {1F403A32-D34E-42CC-8413-596160523870}
	EndGlobalSection
EndGlobal
